// !$*UTF8*$!
{
	archiveVersion = 1;
	classes = {
	};
	objectVersion = 56;
	objects = {

/* Begin PBXBuildFile section */
		A9654C982B239BB900A897C4 /* Prueba_PaginacionApp.swift in Sources */ = {isa = PBXBuildFile; fileRef = A9654C972B239BB900A897C4 /* Prueba_PaginacionApp.swift */; };
		A9654C9A2B239BB900A897C4 /* ContentView.swift in Sources */ = {isa = PBXBuildFile; fileRef = A9654C992B239BB900A897C4 /* ContentView.swift */; };
		A9654C9C2B239BBA00A897C4 /* Assets.xcassets in Resources */ = {isa = PBXBuildFile; fileRef = A9654C9B2B239BBA00A897C4 /* Assets.xcassets */; };
		A9654C9F2B239BBA00A897C4 /* Preview Assets.xcassets in Resources */ = {isa = PBXBuildFile; fileRef = A9654C9E2B239BBA00A897C4 /* Preview Assets.xcassets */; };
		A9654CA92B239BBA00A897C4 /* Prueba_PaginacionTests.swift in Sources */ = {isa = PBXBuildFile; fileRef = A9654CA82B239BBA00A897C4 /* Prueba_PaginacionTests.swift */; };
		A9654CB32B239BBA00A897C4 /* Prueba_PaginacionUITests.swift in Sources */ = {isa = PBXBuildFile; fileRef = A9654CB22B239BBA00A897C4 /* Prueba_PaginacionUITests.swift */; };
		A9654CB52B239BBA00A897C4 /* Prueba_PaginacionUITestsLaunchTests.swift in Sources */ = {isa = PBXBuildFile; fileRef = A9654CB42B239BBA00A897C4 /* Prueba_PaginacionUITestsLaunchTests.swift */; };
/* End PBXBuildFile section */

/* Begin PBXContainerItemProxy section */
		A9654CA52B239BBA00A897C4 /* PBXContainerItemProxy */ = {
			isa = PBXContainerItemProxy;
			containerPortal = A9654C8C2B239BB900A897C4 /* Project object */;
			proxyType = 1;
			remoteGlobalIDString = A9654C932B239BB900A897C4;
			remoteInfo = "Prueba Paginacion";
		};
		A9654CAF2B239BBA00A897C4 /* PBXContainerItemProxy */ = {
			isa = PBXContainerItemProxy;
			containerPortal = A9654C8C2B239BB900A897C4 /* Project object */;
			proxyType = 1;
			remoteGlobalIDString = A9654C932B239BB900A897C4;
			remoteInfo = "Prueba Paginacion";
		};
/* End PBXContainerItemProxy section */

/* Begin PBXFileReference section */
		A9654C942B239BB900A897C4 /* Prueba Paginacion.app */ = {isa = PBXFileReference; explicitFileType = wrapper.application; includeInIndex = 0; path = "Prueba Paginacion.app"; sourceTree = BUILT_PRODUCTS_DIR; };
		A9654C972B239BB900A897C4 /* Prueba_PaginacionApp.swift */ = {isa = PBXFileReference; lastKnownFileType = sourcecode.swift; path = Prueba_PaginacionApp.swift; sourceTree = "<group>"; };
		A9654C992B239BB900A897C4 /* ContentView.swift */ = {isa = PBXFileReference; lastKnownFileType = sourcecode.swift; path = ContentView.swift; sourceTree = "<group>"; };
		A9654C9B2B239BBA00A897C4 /* Assets.xcassets */ = {isa = PBXFileReference; lastKnownFileType = folder.assetcatalog; path = Assets.xcassets; sourceTree = "<group>"; };
		A9654C9E2B239BBA00A897C4 /* Preview Assets.xcassets */ = {isa = PBXFileReference; lastKnownFileType = folder.assetcatalog; path = "Preview Assets.xcassets"; sourceTree = "<group>"; };
		A9654CA42B239BBA00A897C4 /* Prueba PaginacionTests.xctest */ = {isa = PBXFileReference; explicitFileType = wrapper.cfbundle; includeInIndex = 0; path = "Prueba PaginacionTests.xctest"; sourceTree = BUILT_PRODUCTS_DIR; };
		A9654CA82B239BBA00A897C4 /* Prueba_PaginacionTests.swift */ = {isa = PBXFileReference; lastKnownFileType = sourcecode.swift; path = Prueba_PaginacionTests.swift; sourceTree = "<group>"; };
		A9654CAE2B239BBA00A897C4 /* Prueba PaginacionUITests.xctest */ = {isa = PBXFileReference; explicitFileType = wrapper.cfbundle; includeInIndex = 0; path = "Prueba PaginacionUITests.xctest"; sourceTree = BUILT_PRODUCTS_DIR; };
		A9654CB22B239BBA00A897C4 /* Prueba_PaginacionUITests.swift */ = {isa = PBXFileReference; lastKnownFileType = sourcecode.swift; path = Prueba_PaginacionUITests.swift; sourceTree = "<group>"; };
		A9654CB42B239BBA00A897C4 /* Prueba_PaginacionUITestsLaunchTests.swift */ = {isa = PBXFileReference; lastKnownFileType = sourcecode.swift; path = Prueba_PaginacionUITestsLaunchTests.swift; sourceTree = "<group>"; };
/* End PBXFileReference section */

/* Begin PBXFrameworksBuildPhase section */
		A9654C912B239BB900A897C4 /* Frameworks */ = {
			isa = PBXFrameworksBuildPhase;
			buildActionMask = 2147483647;
			files = (
			);
			runOnlyForDeploymentPostprocessing = 0;
		};
		A9654CA12B239BBA00A897C4 /* Frameworks */ = {
			isa = PBXFrameworksBuildPhase;
			buildActionMask = 2147483647;
			files = (
			);
			runOnlyForDeploymentPostprocessing = 0;
		};
		A9654CAB2B239BBA00A897C4 /* Frameworks */ = {
			isa = PBXFrameworksBuildPhase;
			buildActionMask = 2147483647;
			files = (
			);
			runOnlyForDeploymentPostprocessing = 0;
		};
/* End PBXFrameworksBuildPhase section */

/* Begin PBXGroup section */
		A9654C8B2B239BB900A897C4 = {
			isa = PBXGroup;
			children = (
				A9654C962B239BB900A897C4 /* Prueba Paginacion */,
				A9654CA72B239BBA00A897C4 /* Prueba PaginacionTests */,
				A9654CB12B239BBA00A897C4 /* Prueba PaginacionUITests */,
				A9654C952B239BB900A897C4 /* Products */,
			);
			sourceTree = "<group>";
		};
		A9654C952B239BB900A897C4 /* Products */ = {
			isa = PBXGroup;
			children = (
				A9654C942B239BB900A897C4 /* Prueba Paginacion.app */,
				A9654CA42B239BBA00A897C4 /* Prueba PaginacionTests.xctest */,
				A9654CAE2B239BBA00A897C4 /* Prueba PaginacionUITests.xctest */,
			);
			name = Products;
			sourceTree = "<group>";
		};
		A9654C962B239BB900A897C4 /* Prueba Paginacion */ = {
			isa = PBXGroup;
			children = (
				A9654C972B239BB900A897C4 /* Prueba_PaginacionApp.swift */,
				A9654C992B239BB900A897C4 /* ContentView.swift */,
				A9654C9B2B239BBA00A897C4 /* Assets.xcassets */,
				A9654C9D2B239BBA00A897C4 /* Preview Content */,
			);
			path = "Prueba Paginacion";
			sourceTree = "<group>";
		};
		A9654C9D2B239BBA00A897C4 /* Preview Content */ = {
			isa = PBXGroup;
			children = (
				A9654C9E2B239BBA00A897C4 /* Preview Assets.xcassets */,
			);
			path = "Preview Content";
			sourceTree = "<group>";
		};
		A9654CA72B239BBA00A897C4 /* Prueba PaginacionTests */ = {
			isa = PBXGroup;
			children = (
				A9654CA82B239BBA00A897C4 /* Prueba_PaginacionTests.swift */,
			);
			path = "Prueba PaginacionTests";
			sourceTree = "<group>";
		};
		A9654CB12B239BBA00A897C4 /* Prueba PaginacionUITests */ = {
			isa = PBXGroup;
			children = (
				A9654CB22B239BBA00A897C4 /* Prueba_PaginacionUITests.swift */,
				A9654CB42B239BBA00A897C4 /* Prueba_PaginacionUITestsLaunchTests.swift */,
			);
			path = "Prueba PaginacionUITests";
			sourceTree = "<group>";
		};
/* End PBXGroup section */

/* Begin PBXNativeTarget section */
		A9654C932B239BB900A897C4 /* Prueba Paginacion */ = {
			isa = PBXNativeTarget;
			buildConfigurationList = A9654CB82B239BBA00A897C4 /* Build configuration list for PBXNativeTarget "Prueba Paginacion" */;
			buildPhases = (
				A9654C902B239BB900A897C4 /* Sources */,
				A9654C912B239BB900A897C4 /* Frameworks */,
				A9654C922B239BB900A897C4 /* Resources */,
			);
			buildRules = (
			);
			dependencies = (
			);
			name = "Prueba Paginacion";
			productName = "Prueba Paginacion";
			productReference = A9654C942B239BB900A897C4 /* Prueba Paginacion.app */;
			productType = "com.apple.product-type.application";
		};
		A9654CA32B239BBA00A897C4 /* Prueba PaginacionTests */ = {
			isa = PBXNativeTarget;
			buildConfigurationList = A9654CBB2B239BBA00A897C4 /* Build configuration list for PBXNativeTarget "Prueba PaginacionTests" */;
			buildPhases = (
				A9654CA02B239BBA00A897C4 /* Sources */,
				A9654CA12B239BBA00A897C4 /* Frameworks */,
				A9654CA22B239BBA00A897C4 /* Resources */,
			);
			buildRules = (
			);
			dependencies = (
				A9654CA62B239BBA00A897C4 /* PBXTargetDependency */,
			);
			name = "Prueba PaginacionTests";
			productName = "Prueba PaginacionTests";
			productReference = A9654CA42B239BBA00A897C4 /* Prueba PaginacionTests.xctest */;
			productType = "com.apple.product-type.bundle.unit-test";
		};
		A9654CAD2B239BBA00A897C4 /* Prueba PaginacionUITests */ = {
			isa = PBXNativeTarget;
			buildConfigurationList = A9654CBE2B239BBA00A897C4 /* Build configuration list for PBXNativeTarget "Prueba PaginacionUITests" */;
			buildPhases = (
				A9654CAA2B239BBA00A897C4 /* Sources */,
				A9654CAB2B239BBA00A897C4 /* Frameworks */,
				A9654CAC2B239BBA00A897C4 /* Resources */,
			);
			buildRules = (
			);
			dependencies = (
				A9654CB02B239BBA00A897C4 /* PBXTargetDependency */,
			);
			name = "Prueba PaginacionUITests";
			productName = "Prueba PaginacionUITests";
			productReference = A9654CAE2B239BBA00A897C4 /* Prueba PaginacionUITests.xctest */;
			productType = "com.apple.product-type.bundle.ui-testing";
		};
/* End PBXNativeTarget section */

/* Begin PBXProject section */
		A9654C8C2B239BB900A897C4 /* Project object */ = {
			isa = PBXProject;
			attributes = {
				BuildIndependentTargetsInParallel = 1;
				LastSwiftUpdateCheck = 1420;
				LastUpgradeCheck = 1420;
				TargetAttributes = {
					A9654C932B239BB900A897C4 = {
						CreatedOnToolsVersion = 14.2;
					};
					A9654CA32B239BBA00A897C4 = {
						CreatedOnToolsVersion = 14.2;
						TestTargetID = A9654C932B239BB900A897C4;
					};
					A9654CAD2B239BBA00A897C4 = {
						CreatedOnToolsVersion = 14.2;
						TestTargetID = A9654C932B239BB900A897C4;
					};
				};
			};
			buildConfigurationList = A9654C8F2B239BB900A897C4 /* Build configuration list for PBXProject "Prueba Paginacion" */;
			compatibilityVersion = "Xcode 14.0";
			developmentRegion = en;
			hasScannedForEncodings = 0;
			knownRegions = (
				en,
				Base,
			);
			mainGroup = A9654C8B2B239BB900A897C4;
			productRefGroup = A9654C952B239BB900A897C4 /* Products */;
			projectDirPath = "";
			projectRoot = "";
			targets = (
				A9654C932B239BB900A897C4 /* Prueba Paginacion */,
				A9654CA32B239BBA00A897C4 /* Prueba PaginacionTests */,
				A9654CAD2B239BBA00A897C4 /* Prueba PaginacionUITests */,
			);
		};
/* End PBXProject section */

/* Begin PBXResourcesBuildPhase section */
		A9654C922B239BB900A897C4 /* Resources */ = {
			isa = PBXResourcesBuildPhase;
			buildActionMask = 2147483647;
			files = (
				A9654C9F2B239BBA00A897C4 /* Preview Assets.xcassets in Resources */,
				A9654C9C2B239BBA00A897C4 /* Assets.xcassets in Resources */,
			);
			runOnlyForDeploymentPostprocessing = 0;
		};
		A9654CA22B239BBA00A897C4 /* Resources */ = {
			isa = PBXResourcesBuildPhase;
			buildActionMask = 2147483647;
			files = (
			);
			runOnlyForDeploymentPostprocessing = 0;
		};
		A9654CAC2B239BBA00A897C4 /* Resources */ = {
			isa = PBXResourcesBuildPhase;
			buildActionMask = 2147483647;
			files = (
			);
			runOnlyForDeploymentPostprocessing = 0;
		};
/* End PBXResourcesBuildPhase section */

/* Begin PBXSourcesBuildPhase section */
		A9654C902B239BB900A897C4 /* Sources */ = {
			isa = PBXSourcesBuildPhase;
			buildActionMask = 2147483647;
			files = (
				A9654C9A2B239BB900A897C4 /* ContentView.swift in Sources */,
				A9654C982B239BB900A897C4 /* Prueba_PaginacionApp.swift in Sources */,
			);
			runOnlyForDeploymentPostprocessing = 0;
		};
		A9654CA02B239BBA00A897C4 /* Sources */ = {
			isa = PBXSourcesBuildPhase;
			buildActionMask = 2147483647;
			files = (
				A9654CA92B239BBA00A897C4 /* Prueba_PaginacionTests.swift in Sources */,
			);
			runOnlyForDeploymentPostprocessing = 0;
		};
		A9654CAA2B239BBA00A897C4 /* Sources */ = {
			isa = PBXSourcesBuildPhase;
			buildActionMask = 2147483647;
			files = (
				A9654CB52B239BBA00A897C4 /* Prueba_PaginacionUITestsLaunchTests.swift in Sources */,
				A9654CB32B239BBA00A897C4 /* Prueba_PaginacionUITests.swift in Sources */,
			);
			runOnlyForDeploymentPostprocessing = 0;
		};
/* End PBXSourcesBuildPhase section */

/* Begin PBXTargetDependency section */
		A9654CA62B239BBA00A897C4 /* PBXTargetDependency */ = {
			isa = PBXTargetDependency;
			target = A9654C932B239BB900A897C4 /* Prueba Paginacion */;
			targetProxy = A9654CA52B239BBA00A897C4 /* PBXContainerItemProxy */;
		};
		A9654CB02B239BBA00A897C4 /* PBXTargetDependency */ = {
			isa = PBXTargetDependency;
			target = A9654C932B239BB900A897C4 /* Prueba Paginacion */;
			targetProxy = A9654CAF2B239BBA00A897C4 /* PBXContainerItemProxy */;
		};
/* End PBXTargetDependency section */

/* Begin XCBuildConfiguration section */
		A9654CB62B239BBA00A897C4 /* Debug */ = {
			isa = XCBuildConfiguration;
			buildSettings = {
				ALWAYS_SEARCH_USER_PATHS = NO;
				CLANG_ANALYZER_NONNULL = YES;
				CLANG_ANALYZER_NUMBER_OBJECT_CONVERSION = YES_AGGRESSIVE;
				CLANG_CXX_LANGUAGE_STANDARD = "gnu++20";
				CLANG_ENABLE_MODULES = YES;
				CLANG_ENABLE_OBJC_ARC = YES;
				CLANG_ENABLE_OBJC_WEAK = YES;
				CLANG_WARN_BLOCK_CAPTURE_AUTORELEASING = YES;
				CLANG_WARN_BOOL_CONVERSION = YES;
				CLANG_WARN_COMMA = YES;
				CLANG_WARN_CONSTANT_CONVERSION = YES;
				CLANG_WARN_DEPRECATED_OBJC_IMPLEMENTATIONS = YES;
				CLANG_WARN_DIRECT_OBJC_ISA_USAGE = YES_ERROR;
				CLANG_WARN_DOCUMENTATION_COMMENTS = YES;
				CLANG_WARN_EMPTY_BODY = YES;
				CLANG_WARN_ENUM_CONVERSION = YES;
				CLANG_WARN_INFINITE_RECURSION = YES;
				CLANG_WARN_INT_CONVERSION = YES;
				CLANG_WARN_NON_LITERAL_NULL_CONVERSION = YES;
				CLANG_WARN_OBJC_IMPLICIT_RETAIN_SELF = YES;
				CLANG_WARN_OBJC_LITERAL_CONVERSION = YES;
				CLANG_WARN_OBJC_ROOT_CLASS = YES_ERROR;
				CLANG_WARN_QUOTED_INCLUDE_IN_FRAMEWORK_HEADER = YES;
				CLANG_WARN_RANGE_LOOP_ANALYSIS = YES;
				CLANG_WARN_STRICT_PROTOTYPES = YES;
				CLANG_WARN_SUSPICIOUS_MOVE = YES;
				CLANG_WARN_UNGUARDED_AVAILABILITY = YES_AGGRESSIVE;
				CLANG_WARN_UNREACHABLE_CODE = YES;
				CLANG_WARN__DUPLICATE_METHOD_MATCH = YES;
				COPY_PHASE_STRIP = NO;
				DEBUG_INFORMATION_FORMAT = dwarf;
				ENABLE_STRICT_OBJC_MSGSEND = YES;
				ENABLE_TESTABILITY = YES;
				GCC_C_LANGUAGE_STANDARD = gnu11;
				GCC_DYNAMIC_NO_PIC = NO;
				GCC_NO_COMMON_BLOCKS = YES;
				GCC_OPTIMIZATION_LEVEL = 0;
				GCC_PREPROCESSOR_DEFINITIONS = (
					"DEBUG=1",
					"$(inherited)",
				);
				GCC_WARN_64_TO_32_BIT_CONVERSION = YES;
				GCC_WARN_ABOUT_RETURN_TYPE = YES_ERROR;
				GCC_WARN_UNDECLARED_SELECTOR = YES;
				GCC_WARN_UNINITIALIZED_AUTOS = YES_AGGRESSIVE;
				GCC_WARN_UNUSED_FUNCTION = YES;
				GCC_WARN_UNUSED_VARIABLE = YES;
				IPHONEOS_DEPLOYMENT_TARGET = 16.2;
				MTL_ENABLE_DEBUG_INFO = INCLUDE_SOURCE;
				MTL_FAST_MATH = YES;
				ONLY_ACTIVE_ARCH = YES;
				SDKROOT = iphoneos;
				SWIFT_ACTIVE_COMPILATION_CONDITIONS = DEBUG;
				SWIFT_OPTIMIZATION_LEVEL = "-Onone";
			};
			name = Debug;
		};
		A9654CB72B239BBA00A897C4 /* Release */ = {
			isa = XCBuildConfiguration;
			buildSettings = {
				ALWAYS_SEARCH_USER_PATHS = NO;
				CLANG_ANALYZER_NONNULL = YES;
				CLANG_ANALYZER_NUMBER_OBJECT_CONVERSION = YES_AGGRESSIVE;
				CLANG_CXX_LANGUAGE_STANDARD = "gnu++20";
				CLANG_ENABLE_MODULES = YES;
				CLANG_ENABLE_OBJC_ARC = YES;
				CLANG_ENABLE_OBJC_WEAK = YES;
				CLANG_WARN_BLOCK_CAPTURE_AUTORELEASING = YES;
				CLANG_WARN_BOOL_CONVERSION = YES;
				CLANG_WARN_COMMA = YES;
				CLANG_WARN_CONSTANT_CONVERSION = YES;
				CLANG_WARN_DEPRECATED_OBJC_IMPLEMENTATIONS = YES;
				CLANG_WARN_DIRECT_OBJC_ISA_USAGE = YES_ERROR;
				CLANG_WARN_DOCUMENTATION_COMMENTS = YES;
				CLANG_WARN_EMPTY_BODY = YES;
				CLANG_WARN_ENUM_CONVERSION = YES;
				CLANG_WARN_INFINITE_RECURSION = YES;
				CLANG_WARN_INT_CONVERSION = YES;
				CLANG_WARN_NON_LITERAL_NULL_CONVERSION = YES;
				CLANG_WARN_OBJC_IMPLICIT_RETAIN_SELF = YES;
				CLANG_WARN_OBJC_LITERAL_CONVERSION = YES;
				CLANG_WARN_OBJC_ROOT_CLASS = YES_ERROR;
				CLANG_WARN_QUOTED_INCLUDE_IN_FRAMEWORK_HEADER = YES;
				CLANG_WARN_RANGE_LOOP_ANALYSIS = YES;
				CLANG_WARN_STRICT_PROTOTYPES = YES;
				CLANG_WARN_SUSPICIOUS_MOVE = YES;
				CLANG_WARN_UNGUARDED_AVAILABILITY = YES_AGGRESSIVE;
				CLANG_WARN_UNREACHABLE_CODE = YES;
				CLANG_WARN__DUPLICATE_METHOD_MATCH = YES;
				COPY_PHASE_STRIP = NO;
				DEBUG_INFORMATION_FORMAT = "dwarf-with-dsym";
				ENABLE_NS_ASSERTIONS = NO;
				ENABLE_STRICT_OBJC_MSGSEND = YES;
				GCC_C_LANGUAGE_STANDARD = gnu11;
				GCC_NO_COMMON_BLOCKS = YES;
				GCC_WARN_64_TO_32_BIT_CONVERSION = YES;
				GCC_WARN_ABOUT_RETURN_TYPE = YES_ERROR;
				GCC_WARN_UNDECLARED_SELECTOR = YES;
				GCC_WARN_UNINITIALIZED_AUTOS = YES_AGGRESSIVE;
				GCC_WARN_UNUSED_FUNCTION = YES;
				GCC_WARN_UNUSED_VARIABLE = YES;
				IPHONEOS_DEPLOYMENT_TARGET = 16.2;
				MTL_ENABLE_DEBUG_INFO = NO;
				MTL_FAST_MATH = YES;
				SDKROOT = iphoneos;
				SWIFT_COMPILATION_MODE = wholemodule;
				SWIFT_OPTIMIZATION_LEVEL = "-O";
				VALIDATE_PRODUCT = YES;
			};
			name = Release;
		};
		A9654CB92B239BBA00A897C4 /* Debug */ = {
			isa = XCBuildConfiguration;
			buildSettings = {
				ASSETCATALOG_COMPILER_APPICON_NAME = AppIcon;
				ASSETCATALOG_COMPILER_GLOBAL_ACCENT_COLOR_NAME = AccentColor;
				CODE_SIGN_STYLE = Automatic;
				CURRENT_PROJECT_VERSION = 1;
				DEVELOPMENT_ASSET_PATHS = "\"Prueba Paginacion/Preview Content\"";
				DEVELOPMENT_TEAM = 3X4MZTTVSD;
				ENABLE_PREVIEWS = YES;
				GENERATE_INFOPLIST_FILE = YES;
				INFOPLIST_KEY_UIApplicationSceneManifest_Generation = YES;
				INFOPLIST_KEY_UIApplicationSupportsIndirectInputEvents = YES;
				INFOPLIST_KEY_UILaunchScreen_Generation = YES;
				INFOPLIST_KEY_UISupportedInterfaceOrientations_iPad = "UIInterfaceOrientationPortrait UIInterfaceOrientationPortraitUpsideDown UIInterfaceOrientationLandscapeLeft UIInterfaceOrientationLandscapeRight";
				INFOPLIST_KEY_UISupportedInterfaceOrientations_iPhone = "UIInterfaceOrientationPortrait UIInterfaceOrientationLandscapeLeft UIInterfaceOrientationLandscapeRight";
				LD_RUNPATH_SEARCH_PATHS = (
					"$(inherited)",
					"@executable_path/Frameworks",
				);
				MARKETING_VERSION = 1.0;
				PRODUCT_BUNDLE_IDENTIFIER = "eri.Prueba-Paginacion";
				PRODUCT_NAME = "$(TARGET_NAME)";
				SWIFT_EMIT_LOC_STRINGS = YES;
				SWIFT_VERSION = 5.0;
				TARGETED_DEVICE_FAMILY = "1,2";
			};
			name = Debug;
		};
		A9654CBA2B239BBA00A897C4 /* Release */ = {
			isa = XCBuildConfiguration;
			buildSettings = {
				ASSETCATALOG_COMPILER_APPICON_NAME = AppIcon;
				ASSETCATALOG_COMPILER_GLOBAL_ACCENT_COLOR_NAME = AccentColor;
				CODE_SIGN_STYLE = Automatic;
				CURRENT_PROJECT_VERSION = 1;
				DEVELOPMENT_ASSET_PATHS = "\"Prueba Paginacion/Preview Content\"";
				DEVELOPMENT_TEAM = 3X4MZTTVSD;
				ENABLE_PREVIEWS = YES;
				GENERATE_INFOPLIST_FILE = YES;
				INFOPLIST_KEY_UIApplicationSceneManifest_Generation = YES;
				INFOPLIST_KEY_UIApplicationSupportsIndirectInputEvents = YES;
				INFOPLIST_KEY_UILaunchScreen_Generation = YES;
				INFOPLIST_KEY_UISupportedInterfaceOrientations_iPad = "UIInterfaceOrientationPortrait UIInterfaceOrientationPortraitUpsideDown UIInterfaceOrientationLandscapeLeft UIInterfaceOrientationLandscapeRight";
				INFOPLIST_KEY_UISupportedInterfaceOrientations_iPhone = "UIInterfaceOrientationPortrait UIInterfaceOrientationLandscapeLeft UIInterfaceOrientationLandscapeRight";
				LD_RUNPATH_SEARCH_PATHS = (
					"$(inherited)",
					"@executable_path/Frameworks",
				);
				MARKETING_VERSION = 1.0;
				PRODUCT_BUNDLE_IDENTIFIER = "eri.Prueba-Paginacion";
				PRODUCT_NAME = "$(TARGET_NAME)";
				SWIFT_EMIT_LOC_STRINGS = YES;
				SWIFT_VERSION = 5.0;
				TARGETED_DEVICE_FAMILY = "1,2";
			};
			name = Release;
		};
		A9654CBC2B239BBA00A897C4 /* Debug */ = {
			isa = XCBuildConfiguration;
			buildSettings = {
				ALWAYS_EMBED_SWIFT_STANDARD_LIBRARIES = YES;
				BUNDLE_LOADER = "$(TEST_HOST)";
				CODE_SIGN_STYLE = Automatic;
				CURRENT_PROJECT_VERSION = 1;
				DEVELOPMENT_TEAM = 3X4MZTTVSD;
				GENERATE_INFOPLIST_FILE = YES;
				IPHONEOS_DEPLOYMENT_TARGET = 16.2;
				MARKETING_VERSION = 1.0;
				PRODUCT_BUNDLE_IDENTIFIER = "eri.Prueba-PaginacionTests";
				PRODUCT_NAME = "$(TARGET_NAME)";
				SWIFT_EMIT_LOC_STRINGS = NO;
				SWIFT_VERSION = 5.0;
				TARGETED_DEVICE_FAMILY = "1,2";
				TEST_HOST = "$(BUILT_PRODUCTS_DIR)/Prueba Paginacion.app/$(BUNDLE_EXECUTABLE_FOLDER_PATH)/Prueba Paginacion";
			};
			name = Debug;
		};
		A9654CBD2B239BBA00A897C4 /* Release */ = {
			isa = XCBuildConfiguration;
			buildSettings = {
				ALWAYS_EMBED_SWIFT_STANDARD_LIBRARIES = YES;
				BUNDLE_LOADER = "$(TEST_HOST)";
				CODE_SIGN_STYLE = Automatic;
				CURRENT_PROJECT_VERSION = 1;
				DEVELOPMENT_TEAM = 3X4MZTTVSD;
				GENERATE_INFOPLIST_FILE = YES;
				IPHONEOS_DEPLOYMENT_TARGET = 16.2;
				MARKETING_VERSION = 1.0;
				PRODUCT_BUNDLE_IDENTIFIER = "eri.Prueba-PaginacionTests";
				PRODUCT_NAME = "$(TARGET_NAME)";
				SWIFT_EMIT_LOC_STRINGS = NO;
				SWIFT_VERSION = 5.0;
				TARGETED_DEVICE_FAMILY = "1,2";
				TEST_HOST = "$(BUILT_PRODUCTS_DIR)/Prueba Paginacion.app/$(BUNDLE_EXECUTABLE_FOLDER_PATH)/Prueba Paginacion";
			};
			name = Release;
		};
		A9654CBF2B239BBA00A897C4 /* Debug */ = {
			isa = XCBuildConfiguration;
			buildSettings = {
				ALWAYS_EMBED_SWIFT_STANDARD_LIBRARIES = YES;
				CODE_SIGN_STYLE = Automatic;
				CURRENT_PROJECT_VERSION = 1;
				DEVELOPMENT_TEAM = 3X4MZTTVSD;
				GENERATE_INFOPLIST_FILE = YES;
				MARKETING_VERSION = 1.0;
				PRODUCT_BUNDLE_IDENTIFIER = "eri.Prueba-PaginacionUITests";
				PRODUCT_NAME = "$(TARGET_NAME)";
				SWIFT_EMIT_LOC_STRINGS = NO;
				SWIFT_VERSION = 5.0;
				TARGETED_DEVICE_FAMILY = "1,2";
				TEST_TARGET_NAME = "Prueba Paginacion";
			};
			name = Debug;
		};
		A9654CC02B239BBA00A897C4 /* Release */ = {
			isa = XCBuildConfiguration;
			buildSettings = {
				ALWAYS_EMBED_SWIFT_STANDARD_LIBRARIES = YES;
				CODE_SIGN_STYLE = Automatic;
				CURRENT_PROJECT_VERSION = 1;
				DEVELOPMENT_TEAM = 3X4MZTTVSD;
				GENERATE_INFOPLIST_FILE = YES;
				MARKETING_VERSION = 1.0;
				PRODUCT_BUNDLE_IDENTIFIER = "eri.Prueba-PaginacionUITests";
				PRODUCT_NAME = "$(TARGET_NAME)";
				SWIFT_EMIT_LOC_STRINGS = NO;
				SWIFT_VERSION = 5.0;
				TARGETED_DEVICE_FAMILY = "1,2";
				TEST_TARGET_NAME = "Prueba Paginacion";
			};
			name = Release;
		};
/* End XCBuildConfiguration section */

/* Begin XCConfigurationList section */
		A9654C8F2B239BB900A897C4 /* Build configuration list for PBXProject "Prueba Paginacion" */ = {
			isa = XCConfigurationList;
			buildConfigurations = (
				A9654CB62B239BBA00A897C4 /* Debug */,
				A9654CB72B239BBA00A897C4 /* Release */,
			);
			defaultConfigurationIsVisible = 0;
			defaultConfigurationName = Release;
		};
		A9654CB82B239BBA00A897C4 /* Build configuration list for PBXNativeTarget "Prueba Paginacion" */ = {
			isa = XCConfigurationList;
			buildConfigurations = (
				A9654CB92B239BBA00A897C4 /* Debug */,
				A9654CBA2B239BBA00A897C4 /* Release */,
			);
			defaultConfigurationIsVisible = 0;
			defaultConfigurationName = Release;
		};
		A9654CBB2B239BBA00A897C4 /* Build configuration list for PBXNativeTarget "Prueba PaginacionTests" */ = {
			isa = XCConfigurationList;
			buildConfigurations = (
				A9654CBC2B239BBA00A897C4 /* Debug */,
				A9654CBD2B239BBA00A897C4 /* Release */,
			);
			defaultConfigurationIsVisible = 0;
			defaultConfigurationName = Release;
		};
		A9654CBE2B239BBA00A897C4 /* Build configuration list for PBXNativeTarget "Prueba PaginacionUITests" */ = {
			isa = XCConfigurationList;
			buildConfigurations = (
				A9654CBF2B239BBA00A897C4 /* Debug */,
				A9654CC02B239BBA00A897C4 /* Release */,
			);
			defaultConfigurationIsVisible = 0;
			defaultConfigurationName = Release;
		};
/* End XCConfigurationList section */
	};
	rootObject = A9654C8C2B239BB900A897C4 /* Project object */;
}
